// !$*UTF8*$!
{
	archiveVersion = 1;
	classes = {
	};
	objectVersion = 46;
	objects = {

/* Begin PBXBuildFile section */
		1D3623260D0F684500981E51 /* SinaWeiboOAuthDemoAppDelegate.m in Sources */ = {isa = PBXBuildFile; fileRef = 1D3623250D0F684500981E51 /* SinaWeiboOAuthDemoAppDelegate.m */; };
		1D60589B0D05DD56006BFB54 /* main.m in Sources */ = {isa = PBXBuildFile; fileRef = 29B97316FDCFA39411CA2CEA /* main.m */; };
		28AD73600D9D9599002E5188 /* MainWindow.xib in Resources */ = {isa = PBXBuildFile; fileRef = 28AD735F0D9D9599002E5188 /* MainWindow.xib */; };
		28C286E10D94DF7D0034E888 /* RootViewController.m in Sources */ = {isa = PBXBuildFile; fileRef = 28C286E00D94DF7D0034E888 /* RootViewController.m */; };
		A01349A013A7595F00050AB2 /* WeiboCell.m in Sources */ = {isa = PBXBuildFile; fileRef = A013499F13A7595F00050AB2 /* WeiboCell.m */; };
		A030BC8E13A859BC009462C4 /* StatusView.m in Sources */ = {isa = PBXBuildFile; fileRef = A030BC8D13A859BC009462C4 /* StatusView.m */; };
		A030BD1D13A866E4009462C4 /* Verified@2x.png in Resources */ = {isa = PBXBuildFile; fileRef = A030BD1C13A866E4009462C4 /* Verified@2x.png */; };
		A030BD1F13A88984009462C4 /* Avatar@2x.png in Resources */ = {isa = PBXBuildFile; fileRef = A030BD1E13A88984009462C4 /* Avatar@2x.png */; };
		A030BD2113A894BD009462C4 /* HasImage@2x.png in Resources */ = {isa = PBXBuildFile; fileRef = A030BD2013A894BD009462C4 /* HasImage@2x.png */; };
		A04921ED13F90FBB0064DEE6 /* libweibo.a in Frameworks */ = {isa = PBXBuildFile; fileRef = A04921E013F90F430064DEE6 /* libweibo.a */; };
		A0983A6B13A6F9C600BA148D /* WeiboLogo@2x.png in Resources */ = {isa = PBXBuildFile; fileRef = A0983A6A13A6F9C600BA148D /* WeiboLogo@2x.png */; };
		A0983A7013A7015E00BA148D /* LoginBg@2x.png in Resources */ = {isa = PBXBuildFile; fileRef = A0983A6F13A7015E00BA148D /* LoginBg@2x.png */; };
		A0983A7213A7030100BA148D /* LoginBg.png in Resources */ = {isa = PBXBuildFile; fileRef = A0983A7113A7030100BA148D /* LoginBg.png */; };
		A0ABE21813A75FAD009F0D9F /* WeiboBg@2x.png in Resources */ = {isa = PBXBuildFile; fileRef = A0ABE21713A75FAD009F0D9F /* WeiboBg@2x.png */; };
		A0ABE21B13A761C6009F0D9F /* WeiboBg.png in Resources */ = {isa = PBXBuildFile; fileRef = A0ABE21A13A761C6009F0D9F /* WeiboBg.png */; };
		A0CA8CC413D5994100EF093B /* libz.dylib in Frameworks */ = {isa = PBXBuildFile; fileRef = A0CA8CC313D5994100EF093B /* libz.dylib */; };
		A0CA8CC513D59B7000EF093B /* RootViewController.xib in Resources */ = {isa = PBXBuildFile; fileRef = B5825C2E13AB04460029987E /* RootViewController.xib */; };
		B5AC55BF12D23D7200DEB03A /* UIKit.framework in Frameworks */ = {isa = PBXBuildFile; fileRef = B5AC55B312D23D7200DEB03A /* UIKit.framework */; };
		B5AC55C012D23D7200DEB03A /* Foundation.framework in Frameworks */ = {isa = PBXBuildFile; fileRef = B5AC55B412D23D7200DEB03A /* Foundation.framework */; };
		B5AC55C112D23D7200DEB03A /* CoreGraphics.framework in Frameworks */ = {isa = PBXBuildFile; fileRef = B5AC55B512D23D7200DEB03A /* CoreGraphics.framework */; };
		B5AC55C212D23D7200DEB03A /* CFNetwork.framework in Frameworks */ = {isa = PBXBuildFile; fileRef = B5AC55B612D23D7200DEB03A /* CFNetwork.framework */; };
		B5AC55C312D23D7200DEB03A /* MobileCoreServices.framework in Frameworks */ = {isa = PBXBuildFile; fileRef = B5AC55B712D23D7200DEB03A /* MobileCoreServices.framework */; };
		B5AC55C412D23D7200DEB03A /* Security.framework in Frameworks */ = {isa = PBXBuildFile; fileRef = B5AC55B812D23D7200DEB03A /* Security.framework */; };
		B5AC55C512D23D7200DEB03A /* SystemConfiguration.framework in Frameworks */ = {isa = PBXBuildFile; fileRef = B5AC55B912D23D7200DEB03A /* SystemConfiguration.framework */; };
		B5AC55C612D23D7200DEB03A /* libicucore.dylib in Frameworks */ = {isa = PBXBuildFile; fileRef = B5AC55BA12D23D7200DEB03A /* libicucore.dylib */; };
		B5AC55C812D23D7200DEB03A /* libsqlite3.dylib in Frameworks */ = {isa = PBXBuildFile; fileRef = B5AC55BC12D23D7200DEB03A /* libsqlite3.dylib */; };
		B5AC55C912D23D7200DEB03A /* QuartzCore.framework in Frameworks */ = {isa = PBXBuildFile; fileRef = B5AC55BD12D23D7200DEB03A /* QuartzCore.framework */; };
		B5AC55CA12D23D7200DEB03A /* MessageUI.framework in Frameworks */ = {isa = PBXBuildFile; fileRef = B5AC55BE12D23D7200DEB03A /* MessageUI.framework */; };
		B5AC577912D3518D00DEB03A /* ComposeViewController.m in Sources */ = {isa = PBXBuildFile; fileRef = B5AC577712D3518D00DEB03A /* ComposeViewController.m */; };
		B5AC577A12D3518D00DEB03A /* ComposeViewController.xib in Resources */ = {isa = PBXBuildFile; fileRef = B5AC577812D3518D00DEB03A /* ComposeViewController.xib */; };
		B5AC578112D354EA00DEB03A /* Icon.png in Resources */ = {isa = PBXBuildFile; fileRef = B5AC577F12D354EA00DEB03A /* Icon.png */; };
		B5AC578212D354EA00DEB03A /* Icon@2x.png in Resources */ = {isa = PBXBuildFile; fileRef = B5AC578012D354EA00DEB03A /* Icon@2x.png */; };
/* End PBXBuildFile section */

/* Begin PBXContainerItemProxy section */
		A04921DF13F90F430064DEE6 /* PBXContainerItemProxy */ = {
			isa = PBXContainerItemProxy;
			containerPortal = A04921DB13F90F430064DEE6 /* weibo.xcodeproj */;
			proxyType = 2;
			remoteGlobalIDString = A049206E13F9091E0064DEE6;
			remoteInfo = weibo;
		};
		A04921EB13F90FB60064DEE6 /* PBXContainerItemProxy */ = {
			isa = PBXContainerItemProxy;
			containerPortal = A04921DB13F90F430064DEE6 /* weibo.xcodeproj */;
			proxyType = 1;
			remoteGlobalIDString = A049206D13F9091E0064DEE6;
			remoteInfo = weibo;
		};
/* End PBXContainerItemProxy section */

/* Begin PBXFileReference section */
		1D3623240D0F684500981E51 /* SinaWeiboOAuthDemoAppDelegate.h */ = {isa = PBXFileReference; fileEncoding = 4; lastKnownFileType = sourcecode.c.h; path = SinaWeiboOAuthDemoAppDelegate.h; sourceTree = "<group>"; };
		1D3623250D0F684500981E51 /* SinaWeiboOAuthDemoAppDelegate.m */ = {isa = PBXFileReference; fileEncoding = 4; lastKnownFileType = sourcecode.c.objc; path = SinaWeiboOAuthDemoAppDelegate.m; sourceTree = "<group>"; };
		1D6058910D05DD3D006BFB54 /* SinaWeiboOAuthDemo.app */ = {isa = PBXFileReference; explicitFileType = wrapper.application; includeInIndex = 0; path = SinaWeiboOAuthDemo.app; sourceTree = BUILT_PRODUCTS_DIR; };
		28A0AAE50D9B0CCF005BE974 /* SinaWeiboOAuthDemo_Prefix.pch */ = {isa = PBXFileReference; fileEncoding = 4; lastKnownFileType = sourcecode.c.h; path = SinaWeiboOAuthDemo_Prefix.pch; sourceTree = "<group>"; };
		28AD735F0D9D9599002E5188 /* MainWindow.xib */ = {isa = PBXFileReference; lastKnownFileType = file.xib; path = MainWindow.xib; sourceTree = "<group>"; };
		28C286DF0D94DF7D0034E888 /* RootViewController.h */ = {isa = PBXFileReference; fileEncoding = 4; lastKnownFileType = sourcecode.c.h; path = RootViewController.h; sourceTree = "<group>"; };
		28C286E00D94DF7D0034E888 /* RootViewController.m */ = {isa = PBXFileReference; fileEncoding = 4; lastKnownFileType = sourcecode.c.objc; path = RootViewController.m; sourceTree = "<group>"; };
		29B97316FDCFA39411CA2CEA /* main.m */ = {isa = PBXFileReference; fileEncoding = 4; lastKnownFileType = sourcecode.c.objc; path = main.m; sourceTree = "<group>"; };
		8D1107310486CEB800E47090 /* SinaWeiboOAuthDemo-Info.plist */ = {isa = PBXFileReference; fileEncoding = 4; lastKnownFileType = text.plist.xml; path = "SinaWeiboOAuthDemo-Info.plist"; plistStructureDefinitionIdentifier = "com.apple.xcode.plist.structure-definition.iphone.info-plist"; sourceTree = "<group>"; };
		A013493413A74D9200050AB2 /* Weibo-Prefix.pch */ = {isa = PBXFileReference; lastKnownFileType = sourcecode.c.h; path = "Weibo-Prefix.pch"; sourceTree = "<group>"; };
		A013499E13A7595F00050AB2 /* WeiboCell.h */ = {isa = PBXFileReference; fileEncoding = 4; lastKnownFileType = sourcecode.c.h; lineEnding = 0; name = WeiboCell.h; path = View/WeiboCell.h; sourceTree = "<group>"; xcLanguageSpecificationIdentifier = xcode.lang.objcpp; };
		A013499F13A7595F00050AB2 /* WeiboCell.m */ = {isa = PBXFileReference; fileEncoding = 4; lastKnownFileType = sourcecode.c.objc; lineEnding = 0; name = WeiboCell.m; path = View/WeiboCell.m; sourceTree = "<group>"; xcLanguageSpecificationIdentifier = xcode.lang.objc; };
		A030BC8C13A859BC009462C4 /* StatusView.h */ = {isa = PBXFileReference; fileEncoding = 4; lastKnownFileType = sourcecode.c.h; lineEnding = 0; path = StatusView.h; sourceTree = "<group>"; xcLanguageSpecificationIdentifier = xcode.lang.objcpp; };
		A030BC8D13A859BC009462C4 /* StatusView.m */ = {isa = PBXFileReference; fileEncoding = 4; lastKnownFileType = sourcecode.c.objc; lineEnding = 0; path = StatusView.m; sourceTree = "<group>"; xcLanguageSpecificationIdentifier = xcode.lang.objc; };
		A030BD1C13A866E4009462C4 /* Verified@2x.png */ = {isa = PBXFileReference; lastKnownFileType = image.png; path = "Verified@2x.png"; sourceTree = "<group>"; };
		A030BD1E13A88984009462C4 /* Avatar@2x.png */ = {isa = PBXFileReference; lastKnownFileType = image.png; path = "Avatar@2x.png"; sourceTree = "<group>"; };
		A030BD2013A894BD009462C4 /* HasImage@2x.png */ = {isa = PBXFileReference; lastKnownFileType = image.png; path = "HasImage@2x.png"; sourceTree = "<group>"; };
		A04921DB13F90F430064DEE6 /* weibo.xcodeproj */ = {isa = PBXFileReference; lastKnownFileType = "wrapper.pb-project"; name = weibo.xcodeproj; path = ../libWeibo/weibo.xcodeproj; sourceTree = "<group>"; };
		A0983A6A13A6F9C600BA148D /* WeiboLogo@2x.png */ = {isa = PBXFileReference; lastKnownFileType = image.png; path = "WeiboLogo@2x.png"; sourceTree = "<group>"; };
		A0983A6F13A7015E00BA148D /* LoginBg@2x.png */ = {isa = PBXFileReference; lastKnownFileType = image.png; path = "LoginBg@2x.png"; sourceTree = "<group>"; };
		A0983A7113A7030100BA148D /* LoginBg.png */ = {isa = PBXFileReference; lastKnownFileType = image.png; path = LoginBg.png; sourceTree = "<group>"; };
		A0ABE21713A75FAD009F0D9F /* WeiboBg@2x.png */ = {isa = PBXFileReference; lastKnownFileType = image.png; path = "WeiboBg@2x.png"; sourceTree = "<group>"; };
		A0ABE21A13A761C6009F0D9F /* WeiboBg.png */ = {isa = PBXFileReference; lastKnownFileType = image.png; path = WeiboBg.png; sourceTree = "<group>"; };
		A0CA8CC313D5994100EF093B /* libz.dylib */ = {isa = PBXFileReference; lastKnownFileType = "compiled.mach-o.dylib"; name = libz.dylib; path = usr/lib/libz.dylib; sourceTree = SDKROOT; };
		B5825C2E13AB04460029987E /* RootViewController.xib */ = {isa = PBXFileReference; fileEncoding = 4; lastKnownFileType = file.xib; path = RootViewController.xib; sourceTree = "<group>"; };
		B5AC55B312D23D7200DEB03A /* UIKit.framework */ = {isa = PBXFileReference; lastKnownFileType = wrapper.framework; name = UIKit.framework; path = System/Library/Frameworks/UIKit.framework; sourceTree = SDKROOT; };
		B5AC55B412D23D7200DEB03A /* Foundation.framework */ = {isa = PBXFileReference; lastKnownFileType = wrapper.framework; name = Foundation.framework; path = System/Library/Frameworks/Foundation.framework; sourceTree = SDKROOT; };
		B5AC55B512D23D7200DEB03A /* CoreGraphics.framework */ = {isa = PBXFileReference; lastKnownFileType = wrapper.framework; name = CoreGraphics.framework; path = System/Library/Frameworks/CoreGraphics.framework; sourceTree = SDKROOT; };
		B5AC55B612D23D7200DEB03A /* CFNetwork.framework */ = {isa = PBXFileReference; lastKnownFileType = wrapper.framework; name = CFNetwork.framework; path = System/Library/Frameworks/CFNetwork.framework; sourceTree = SDKROOT; };
		B5AC55B712D23D7200DEB03A /* MobileCoreServices.framework */ = {isa = PBXFileReference; lastKnownFileType = wrapper.framework; name = MobileCoreServices.framework; path = System/Library/Frameworks/MobileCoreServices.framework; sourceTree = SDKROOT; };
		B5AC55B812D23D7200DEB03A /* Security.framework */ = {isa = PBXFileReference; lastKnownFileType = wrapper.framework; name = Security.framework; path = System/Library/Frameworks/Security.framework; sourceTree = SDKROOT; };
		B5AC55B912D23D7200DEB03A /* SystemConfiguration.framework */ = {isa = PBXFileReference; lastKnownFileType = wrapper.framework; name = SystemConfiguration.framework; path = System/Library/Frameworks/SystemConfiguration.framework; sourceTree = SDKROOT; };
		B5AC55BA12D23D7200DEB03A /* libicucore.dylib */ = {isa = PBXFileReference; lastKnownFileType = "compiled.mach-o.dylib"; name = libicucore.dylib; path = usr/lib/libicucore.dylib; sourceTree = SDKROOT; };
		B5AC55BB12D23D7200DEB03A /* libz.1.2.3.dylib */ = {isa = PBXFileReference; lastKnownFileType = "compiled.mach-o.dylib"; name = libz.1.2.3.dylib; path = usr/lib/libz.1.2.3.dylib; sourceTree = SDKROOT; };
		B5AC55BC12D23D7200DEB03A /* libsqlite3.dylib */ = {isa = PBXFileReference; lastKnownFileType = "compiled.mach-o.dylib"; name = libsqlite3.dylib; path = usr/lib/libsqlite3.dylib; sourceTree = SDKROOT; };
		B5AC55BD12D23D7200DEB03A /* QuartzCore.framework */ = {isa = PBXFileReference; lastKnownFileType = wrapper.framework; name = QuartzCore.framework; path = System/Library/Frameworks/QuartzCore.framework; sourceTree = SDKROOT; };
		B5AC55BE12D23D7200DEB03A /* MessageUI.framework */ = {isa = PBXFileReference; lastKnownFileType = wrapper.framework; name = MessageUI.framework; path = System/Library/Frameworks/MessageUI.framework; sourceTree = SDKROOT; };
		B5AC577612D3518D00DEB03A /* ComposeViewController.h */ = {isa = PBXFileReference; fileEncoding = 4; lastKnownFileType = sourcecode.c.h; path = ComposeViewController.h; sourceTree = "<group>"; };
		B5AC577712D3518D00DEB03A /* ComposeViewController.m */ = {isa = PBXFileReference; fileEncoding = 4; lastKnownFileType = sourcecode.c.objc; path = ComposeViewController.m; sourceTree = "<group>"; };
		B5AC577812D3518D00DEB03A /* ComposeViewController.xib */ = {isa = PBXFileReference; lastKnownFileType = file.xib; path = ComposeViewController.xib; sourceTree = "<group>"; };
		B5AC577F12D354EA00DEB03A /* Icon.png */ = {isa = PBXFileReference; lastKnownFileType = image.png; name = Icon.png; path = Resources/Icon.png; sourceTree = "<group>"; };
		B5AC578012D354EA00DEB03A /* Icon@2x.png */ = {isa = PBXFileReference; lastKnownFileType = image.png; name = "Icon@2x.png"; path = "Resources/Icon@2x.png"; sourceTree = "<group>"; };
/* End PBXFileReference section */

/* Begin PBXFrameworksBuildPhase section */
		1D60588F0D05DD3D006BFB54 /* Frameworks */ = {
			isa = PBXFrameworksBuildPhase;
			buildActionMask = 2147483647;
			files = (
				A04921ED13F90FBB0064DEE6 /* libweibo.a in Frameworks */,
				A0CA8CC413D5994100EF093B /* libz.dylib in Frameworks */,
				B5AC55BF12D23D7200DEB03A /* UIKit.framework in Frameworks */,
				B5AC55C012D23D7200DEB03A /* Foundation.framework in Frameworks */,
				B5AC55C112D23D7200DEB03A /* CoreGraphics.framework in Frameworks */,
				B5AC55C212D23D7200DEB03A /* CFNetwork.framework in Frameworks */,
				B5AC55C312D23D7200DEB03A /* MobileCoreServices.framework in Frameworks */,
				B5AC55C412D23D7200DEB03A /* Security.framework in Frameworks */,
				B5AC55C512D23D7200DEB03A /* SystemConfiguration.framework in Frameworks */,
				B5AC55C612D23D7200DEB03A /* libicucore.dylib in Frameworks */,
				B5AC55C812D23D7200DEB03A /* libsqlite3.dylib in Frameworks */,
				B5AC55C912D23D7200DEB03A /* QuartzCore.framework in Frameworks */,
				B5AC55CA12D23D7200DEB03A /* MessageUI.framework in Frameworks */,
			);
			runOnlyForDeploymentPostprocessing = 0;
		};
/* End PBXFrameworksBuildPhase section */

/* Begin PBXGroup section */
		080E96DDFE201D6D7F000001 /* Classes */ = {
			isa = PBXGroup;
			children = (
				A013499D13A7590800050AB2 /* View */,
				28C286DF0D94DF7D0034E888 /* RootViewController.h */,
				28C286E00D94DF7D0034E888 /* RootViewController.m */,
				B5825C2E13AB04460029987E /* RootViewController.xib */,
				1D3623240D0F684500981E51 /* SinaWeiboOAuthDemoAppDelegate.h */,
				1D3623250D0F684500981E51 /* SinaWeiboOAuthDemoAppDelegate.m */,
				B5AC577612D3518D00DEB03A /* ComposeViewController.h */,
				B5AC577712D3518D00DEB03A /* ComposeViewController.m */,
				B5AC577812D3518D00DEB03A /* ComposeViewController.xib */,
			);
			path = Classes;
			sourceTree = "<group>";
		};
		19C28FACFE9D520D11CA2CBB /* Products */ = {
			isa = PBXGroup;
			children = (
				1D6058910D05DD3D006BFB54 /* SinaWeiboOAuthDemo.app */,
				A013498013A74FB100050AB2 /* New Group */,
			);
			name = Products;
			sourceTree = "<group>";
		};
		29B97314FDCFA39411CA2CEA /* CustomTemplate */ = {
			isa = PBXGroup;
			children = (
				080E96DDFE201D6D7F000001 /* Classes */,
				29B97315FDCFA39411CA2CEA /* Other Sources */,
				29B97317FDCFA39411CA2CEA /* Resources */,
				A013493213A74D9000050AB2 /* Weibo */,
				19C28FACFE9D520D11CA2CBB /* Products */,
				29B97323FDCFA39411CA2CEA /* Frameworks */,
			);
			name = CustomTemplate;
			sourceTree = "<group>";
		};
		29B97315FDCFA39411CA2CEA /* Other Sources */ = {
			isa = PBXGroup;
			children = (
				28A0AAE50D9B0CCF005BE974 /* SinaWeiboOAuthDemo_Prefix.pch */,
				29B97316FDCFA39411CA2CEA /* main.m */,
			);
			name = "Other Sources";
			sourceTree = "<group>";
		};
		29B97317FDCFA39411CA2CEA /* Resources */ = {
			isa = PBXGroup;
			children = (
				A030BD2013A894BD009462C4 /* HasImage@2x.png */,
				A030BD1E13A88984009462C4 /* Avatar@2x.png */,
				A030BD1C13A866E4009462C4 /* Verified@2x.png */,
				A0ABE21A13A761C6009F0D9F /* WeiboBg.png */,
				A0ABE21713A75FAD009F0D9F /* WeiboBg@2x.png */,
				A0983A7113A7030100BA148D /* LoginBg.png */,
				A0983A6F13A7015E00BA148D /* LoginBg@2x.png */,
				A0983A6A13A6F9C600BA148D /* WeiboLogo@2x.png */,
				B5AC577F12D354EA00DEB03A /* Icon.png */,
				B5AC578012D354EA00DEB03A /* Icon@2x.png */,
				28AD735F0D9D9599002E5188 /* MainWindow.xib */,
				8D1107310486CEB800E47090 /* SinaWeiboOAuthDemo-Info.plist */,
			);
			name = Resources;
			sourceTree = "<group>";
		};
		29B97323FDCFA39411CA2CEA /* Frameworks */ = {
			isa = PBXGroup;
			children = (
				A0CA8CC313D5994100EF093B /* libz.dylib */,
				A04921DB13F90F430064DEE6 /* weibo.xcodeproj */,
				B5AC55B312D23D7200DEB03A /* UIKit.framework */,
				B5AC55B412D23D7200DEB03A /* Foundation.framework */,
				B5AC55B512D23D7200DEB03A /* CoreGraphics.framework */,
				B5AC55B612D23D7200DEB03A /* CFNetwork.framework */,
				B5AC55B712D23D7200DEB03A /* MobileCoreServices.framework */,
				B5AC55B812D23D7200DEB03A /* Security.framework */,
				B5AC55B912D23D7200DEB03A /* SystemConfiguration.framework */,
				B5AC55BA12D23D7200DEB03A /* libicucore.dylib */,
				B5AC55BB12D23D7200DEB03A /* libz.1.2.3.dylib */,
				B5AC55BC12D23D7200DEB03A /* libsqlite3.dylib */,
				B5AC55BD12D23D7200DEB03A /* QuartzCore.framework */,
				B5AC55BE12D23D7200DEB03A /* MessageUI.framework */,
			);
			name = Frameworks;
			sourceTree = "<group>";
		};
		A013493213A74D9000050AB2 /* Weibo */ = {
			isa = PBXGroup;
			children = (
				A013493313A74D9200050AB2 /* Supporting Files */,
			);
			path = Weibo;
			sourceTree = "<group>";
		};
		A013493313A74D9200050AB2 /* Supporting Files */ = {
			isa = PBXGroup;
			children = (
				A013493413A74D9200050AB2 /* Weibo-Prefix.pch */,
			);
			name = "Supporting Files";
			sourceTree = "<group>";
		};
		A013498013A74FB100050AB2 /* New Group */ = {
			isa = PBXGroup;
			children = (
			);
			name = "New Group";
			sourceTree = "<group>";
		};
		A013499D13A7590800050AB2 /* View */ = {
			isa = PBXGroup;
			children = (
				A013499E13A7595F00050AB2 /* WeiboCell.h */,
				A013499F13A7595F00050AB2 /* WeiboCell.m */,
				A030BC8C13A859BC009462C4 /* StatusView.h */,
				A030BC8D13A859BC009462C4 /* StatusView.m */,
			);
			name = View;
			sourceTree = "<group>";
		};
		A04921DC13F90F430064DEE6 /* Products */ = {
			isa = PBXGroup;
			children = (
				A04921E013F90F430064DEE6 /* libweibo.a */,
			);
			name = Products;
			sourceTree = "<group>";
		};
/* End PBXGroup section */

/* Begin PBXNativeTarget section */
		1D6058900D05DD3D006BFB54 /* SinaWeiboOAuthDemo */ = {
			isa = PBXNativeTarget;
			buildConfigurationList = 1D6058960D05DD3E006BFB54 /* Build configuration list for PBXNativeTarget "SinaWeiboOAuthDemo" */;
			buildPhases = (
				1D60588D0D05DD3D006BFB54 /* Resources */,
				1D60588E0D05DD3D006BFB54 /* Sources */,
				1D60588F0D05DD3D006BFB54 /* Frameworks */,
			);
			buildRules = (
			);
			dependencies = (
				A04921EC13F90FB60064DEE6 /* PBXTargetDependency */,
			);
			name = SinaWeiboOAuthDemo;
			productName = SinaWeiboOAuthDemo;
			productReference = 1D6058910D05DD3D006BFB54 /* SinaWeiboOAuthDemo.app */;
			productType = "com.apple.product-type.application";
		};
/* End PBXNativeTarget section */

/* Begin PBXProject section */
		29B97313FDCFA39411CA2CEA /* Project object */ = {
			isa = PBXProject;
			attributes = {
				LastUpgradeCheck = 0410;
			};
			buildConfigurationList = C01FCF4E08A954540054247B /* Build configuration list for PBXProject "SinaWeiboOAuthDemo" */;
			compatibilityVersion = "Xcode 3.2";
			developmentRegion = English;
			hasScannedForEncodings = 1;
			knownRegions = (
				English,
				Japanese,
				French,
				German,
				en,
			);
			mainGroup = 29B97314FDCFA39411CA2CEA /* CustomTemplate */;
			projectDirPath = "";
			projectReferences = (
				{
					ProductGroup = A04921DC13F90F430064DEE6 /* Products */;
					ProjectRef = A04921DB13F90F430064DEE6 /* weibo.xcodeproj */;
				},
			);
			projectRoot = "";
			targets = (
				1D6058900D05DD3D006BFB54 /* SinaWeiboOAuthDemo */,
			);
		};
/* End PBXProject section */

/* Begin PBXReferenceProxy section */
		A04921E013F90F430064DEE6 /* libweibo.a */ = {
			isa = PBXReferenceProxy;
			fileType = archive.ar;
			path = libweibo.a;
			remoteRef = A04921DF13F90F430064DEE6 /* PBXContainerItemProxy */;
			sourceTree = BUILT_PRODUCTS_DIR;
		};
/* End PBXReferenceProxy section */

/* Begin PBXResourcesBuildPhase section */
		1D60588D0D05DD3D006BFB54 /* Resources */ = {
			isa = PBXResourcesBuildPhase;
			buildActionMask = 2147483647;
			files = (
				28AD73600D9D9599002E5188 /* MainWindow.xib in Resources */,
				B5AC577A12D3518D00DEB03A /* ComposeViewController.xib in Resources */,
				B5AC578112D354EA00DEB03A /* Icon.png in Resources */,
				B5AC578212D354EA00DEB03A /* Icon@2x.png in Resources */,
				A0983A6B13A6F9C600BA148D /* WeiboLogo@2x.png in Resources */,
				A0983A7013A7015E00BA148D /* LoginBg@2x.png in Resources */,
				A0983A7213A7030100BA148D /* LoginBg.png in Resources */,
				A0ABE21813A75FAD009F0D9F /* WeiboBg@2x.png in Resources */,
				A0ABE21B13A761C6009F0D9F /* WeiboBg.png in Resources */,
				A030BD1D13A866E4009462C4 /* Verified@2x.png in Resources */,
				A030BD1F13A88984009462C4 /* Avatar@2x.png in Resources */,
				A030BD2113A894BD009462C4 /* HasImage@2x.png in Resources */,
				A0CA8CC513D59B7000EF093B /* RootViewController.xib in Resources */,
			);
			runOnlyForDeploymentPostprocessing = 0;
		};
/* End PBXResourcesBuildPhase section */

/* Begin PBXSourcesBuildPhase section */
		1D60588E0D05DD3D006BFB54 /* Sources */ = {
			isa = PBXSourcesBuildPhase;
			buildActionMask = 2147483647;
			files = (
				1D60589B0D05DD56006BFB54 /* main.m in Sources */,
				1D3623260D0F684500981E51 /* SinaWeiboOAuthDemoAppDelegate.m in Sources */,
				28C286E10D94DF7D0034E888 /* RootViewController.m in Sources */,
				B5AC577912D3518D00DEB03A /* ComposeViewController.m in Sources */,
				A01349A013A7595F00050AB2 /* WeiboCell.m in Sources */,
				A030BC8E13A859BC009462C4 /* StatusView.m in Sources */,
			);
			runOnlyForDeploymentPostprocessing = 0;
		};
/* End PBXSourcesBuildPhase section */

/* Begin PBXTargetDependency section */
		A04921EC13F90FB60064DEE6 /* PBXTargetDependency */ = {
			isa = PBXTargetDependency;
			name = weibo;
			targetProxy = A04921EB13F90FB60064DEE6 /* PBXContainerItemProxy */;
		};
/* End PBXTargetDependency section */

/* Begin XCBuildConfiguration section */
		1D6058940D05DD3E006BFB54 /* Debug */ = {
			isa = XCBuildConfiguration;
			buildSettings = {
				ALWAYS_SEARCH_USER_PATHS = NO;
				COPY_PHASE_STRIP = NO;
				GCC_DYNAMIC_NO_PIC = NO;
				GCC_OPTIMIZATION_LEVEL = 0;
				GCC_PRECOMPILE_PREFIX_HEADER = YES;
				GCC_PREFIX_HEADER = SinaWeiboOAuthDemo_Prefix.pch;
				GCC_VERSION = com.apple.compilers.llvmgcc42;
				HEADER_SEARCH_PATHS = "${BUILT_PRODUCTS_DIR}/usr/local/include";
				INFOPLIST_FILE = "SinaWeiboOAuthDemo-Info.plist";
				LIBRARY_SEARCH_PATHS = (
					"$(inherited)",
					"\"$(SRCROOT)/Classes/WeiboEngine\"",
				);
				OTHER_LDFLAGS = "-all_load";
				PRODUCT_NAME = SinaWeiboOAuthDemo;
			};
			name = Debug;
		};
		1D6058950D05DD3E006BFB54 /* Release */ = {
			isa = XCBuildConfiguration;
			buildSettings = {
				ALWAYS_SEARCH_USER_PATHS = NO;
				COPY_PHASE_STRIP = YES;
				GCC_PRECOMPILE_PREFIX_HEADER = YES;
				GCC_PREFIX_HEADER = SinaWeiboOAuthDemo_Prefix.pch;
				GCC_VERSION = com.apple.compilers.llvmgcc42;
				HEADER_SEARCH_PATHS = "${BUILT_PRODUCTS_DIR}/usr/local/include";
				INFOPLIST_FILE = "SinaWeiboOAuthDemo-Info.plist";
				LIBRARY_SEARCH_PATHS = (
					"$(inherited)",
					"\"$(SRCROOT)/Classes/WeiboEngine\"",
				);
				OTHER_LDFLAGS = "-all_load";
				PRODUCT_NAME = SinaWeiboOAuthDemo;
				VALIDATE_PRODUCT = YES;
			};
			name = Release;
		};
		C01FCF4F08A954540054247B /* Debug */ = {
			isa = XCBuildConfiguration;
			buildSettings = {
				ARCHS = "$(ARCHS_STANDARD_32_BIT)";
				CODE_SIGN_IDENTITY = "iPhone Developer: Cui Steven (ZG3R87K885)";
				"CODE_SIGN_IDENTITY[sdk=iphoneos*]" = "iPhone Developer";
				GCC_C_LANGUAGE_STANDARD = c99;
				GCC_WARN_ABOUT_RETURN_TYPE = YES;
				GCC_WARN_UNUSED_VARIABLE = YES;
				IPHONEOS_DEPLOYMENT_TARGET = 4.0;
				PROVISIONING_PROFILE = "8AC8336C-37FA-4245-89AE-9E26A9ABF022";
				SDKROOT = iphoneos;
			};
			name = Debug;
		};
		C01FCF5008A954540054247B /* Release */ = {
			isa = XCBuildConfiguration;
			buildSettings = {
				ARCHS = "$(ARCHS_STANDARD_32_BIT)";
				CODE_SIGN_IDENTITY = "iPhone Developer: Cui Steven (ZG3R87K885)";
				"CODE_SIGN_IDENTITY[sdk=iphoneos*]" = "iPhone Developer";
				GCC_C_LANGUAGE_STANDARD = c99;
				GCC_WARN_ABOUT_RETURN_TYPE = YES;
				GCC_WARN_UNUSED_VARIABLE = YES;
				IPHONEOS_DEPLOYMENT_TARGET = 4.0;
				OTHER_CFLAGS = "-DNS_BLOCK_ASSERTIONS=1";
				PROVISIONING_PROFILE = "8AC8336C-37FA-4245-89AE-9E26A9ABF022";
				SDKROOT = iphoneos;
			};
			name = Release;
		};
/* End XCBuildConfiguration section */

/* Begin XCConfigurationList section */
		1D6058960D05DD3E006BFB54 /* Build configuration list for PBXNativeTarget "SinaWeiboOAuthDemo" */ = {
			isa = XCConfigurationList;
			buildConfigurations = (
				1D6058940D05DD3E006BFB54 /* Debug */,
				1D6058950D05DD3E006BFB54 /* Release */,
			);
			defaultConfigurationIsVisible = 0;
			defaultConfigurationName = Release;
		};
		C01FCF4E08A954540054247B /* Build configuration list for PBXProject "SinaWeiboOAuthDemo" */ = {
			isa = XCConfigurationList;
			buildConfigurations = (
				C01FCF4F08A954540054247B /* Debug */,
				C01FCF5008A954540054247B /* Release */,
			);
			defaultConfigurationIsVisible = 0;
			defaultConfigurationName = Release;
		};
/* End XCConfigurationList section */
	};
	rootObject = 29B97313FDCFA39411CA2CEA /* Project object */;
}
